
Microsoft Visual Studio Solution File, Format Version 12.00
# Visual Studio Version 17
VisualStudioVersion = 17.6.33815.320
MinimumVisualStudioVersion = 10.0.40219.1
Project("{9A19103F-16F7-4668-BE54-9A1E7A4F7556}") = "Skill DPS", "Skill DPS.csproj", "{831E96B4-59E0-4199-B139-D3F2140ADD60}"
EndProject
Global
	GlobalSection(SolutionConfigurationPlatforms) = preSolution
		Debug|Any CPU = Debug|Any CPU
		Release|Any CPU = Release|Any CPU
	EndGlobalSection
	GlobalSection(ProjectConfigurationPlatforms) = postSolution
		{831E96B4-59E0-4199-B139-D3F2140ADD60}.Debug|Any CPU.ActiveCfg = Debug|Any CPU
		{831E96B4-59E0-4199-B139-D3F2140ADD60}.Debug|Any CPU.Build.0 = Debug|Any CPU
		{831E96B4-59E0-4199-B139-D3F2140ADD60}.Release|Any CPU.ActiveCfg = Release|Any CPU
		{831E96B4-59E0-4199-B139-D3F2140ADD60}.Release|Any CPU.Build.0 = Release|Any CPU
	EndGlobalSection
	GlobalSection(SolutionProperties) = preSolution
		HideSolutionNode = FALSE
	EndGlobalSection
	GlobalSection(ExtensibilityGlobals) = postSolution
		SolutionGuid = {6E8C9722-5106-4943-AA9C-D03C1ABABF87}
	EndGlobalSection
EndGlobal
